
Microsoft Visual Studio Solution File, Format Version 12.00
# Visual Studio Version 17
VisualStudioVersion = 17.5.002.0
MinimumVisualStudioVersion = 10.0.40219.1
Project("{9A19103F-16F7-4668-BE54-9A1E7A4F7556}") = "suredrop", "suredrop.csproj", "{AB72A8D1-9153-4DF0-8875-246CEFAFD557}"
EndProject
Project("{FAE04EC0-301F-11D3-BF4B-00C04F79EFBC}") = "BouncyCastle.Crypto", "..\..\bc-csharp\crypto\src\BouncyCastle.Crypto.csproj", "{0B767567-8992-47FF-818F-9BA08314C516}"
EndProject
Project("{FAE04EC0-301F-11D3-BF4B-00C04F79EFBC}") = "surepack", "..\surepack\surepack.csproj", "{1AF84E13-C90B-4AB4-9532-2B3897EFB651}"
EndProject
Global
	GlobalSection(SolutionConfigurationPlatforms) = preSolution
		Debug|Any CPU = Debug|Any CPU
		Release|Any CPU = Release|Any CPU
	EndGlobalSection
	GlobalSection(ProjectConfigurationPlatforms) = postSolution
		{AB72A8D1-9153-4DF0-8875-246CEFAFD557}.Debug|Any CPU.ActiveCfg = Debug|Any CPU
		{AB72A8D1-9153-4DF0-8875-246CEFAFD557}.Debug|Any CPU.Build.0 = Debug|Any CPU
		{AB72A8D1-9153-4DF0-8875-246CEFAFD557}.Release|Any CPU.ActiveCfg = Release|Any CPU
		{AB72A8D1-9153-4DF0-8875-246CEFAFD557}.Release|Any CPU.Build.0 = Release|Any CPU
		{0B767567-8992-47FF-818F-9BA08314C516}.Debug|Any CPU.ActiveCfg = Debug|Any CPU
		{0B767567-8992-47FF-818F-9BA08314C516}.Debug|Any CPU.Build.0 = Debug|Any CPU
		{0B767567-8992-47FF-818F-9BA08314C516}.Release|Any CPU.ActiveCfg = Release|Any CPU
		{0B767567-8992-47FF-818F-9BA08314C516}.Release|Any CPU.Build.0 = Release|Any CPU
		{1AF84E13-C90B-4AB4-9532-2B3897EFB651}.Debug|Any CPU.ActiveCfg = Debug|Any CPU
		{1AF84E13-C90B-4AB4-9532-2B3897EFB651}.Debug|Any CPU.Build.0 = Debug|Any CPU
		{1AF84E13-C90B-4AB4-9532-2B3897EFB651}.Release|Any CPU.ActiveCfg = Release|Any CPU
		{1AF84E13-C90B-4AB4-9532-2B3897EFB651}.Release|Any CPU.Build.0 = Release|Any CPU
	EndGlobalSection
	GlobalSection(SolutionProperties) = preSolution
		HideSolutionNode = FALSE
	EndGlobalSection
	GlobalSection(ExtensibilityGlobals) = postSolution
		SolutionGuid = {04D0E1EB-D89C-4A4B-9C77-BDEE09F75A78}
	EndGlobalSection
EndGlobal
